// !$*UTF8*$!
{
	archiveVersion = 1;
	classes = {
	};
	objectVersion = 55;
	objects = {

/* Begin PBXBuildFile section */
		0D368B162B330E5500A29209 /* NotificationView.swift in Sources */ = {isa = PBXBuildFile; fileRef = 0D368B152B330E5500A29209 /* NotificationView.swift */; };
		0D368B182B330E6C00A29209 /* NotificationViewModel.swift in Sources */ = {isa = PBXBuildFile; fileRef = 0D368B172B330E6C00A29209 /* NotificationViewModel.swift */; };
		0D368B1A2B330E8C00A29209 /* NotificationModel.swift in Sources */ = {isa = PBXBuildFile; fileRef = 0D368B192B330E8C00A29209 /* NotificationModel.swift */; };
		0D368B1E2B3311F100A29209 /* CustomTitleView.swift in Sources */ = {isa = PBXBuildFile; fileRef = 0D368B1D2B3311F100A29209 /* CustomTitleView.swift */; };
		0D368B202B3313A200A29209 /* NotificationTableCellView.swift in Sources */ = {isa = PBXBuildFile; fileRef = 0D368B1F2B3313A200A29209 /* NotificationTableCellView.swift */; };
		0D368B232B33F2AD00A29209 /* EngangementView.swift in Sources */ = {isa = PBXBuildFile; fileRef = 0D368B222B33F2AD00A29209 /* EngangementView.swift */; };
		0D368B252B33F35400A29209 /* EngagementGridView.swift in Sources */ = {isa = PBXBuildFile; fileRef = 0D368B242B33F35400A29209 /* EngagementGridView.swift */; };
		0D368B272B3400A000A29209 /* EngagementModel.swift in Sources */ = {isa = PBXBuildFile; fileRef = 0D368B262B3400A000A29209 /* EngagementModel.swift */; };
		0D368B292B3400DA00A29209 /* EngagementViewModel.swift in Sources */ = {isa = PBXBuildFile; fileRef = 0D368B282B3400DA00A29209 /* EngagementViewModel.swift */; };
		0D368B2B2B3407D100A29209 /* VideoListView.swift in Sources */ = {isa = PBXBuildFile; fileRef = 0D368B2A2B3407D100A29209 /* VideoListView.swift */; };
		0D368B2D2B3408FC00A29209 /* VideoListTablecell.swift in Sources */ = {isa = PBXBuildFile; fileRef = 0D368B2C2B3408FC00A29209 /* VideoListTablecell.swift */; };
		0D368B2F2B3414B700A29209 /* VideoPlayerView.swift in Sources */ = {isa = PBXBuildFile; fileRef = 0D368B2E2B3414B700A29209 /* VideoPlayerView.swift */; };
		0D368B322B34610100A29209 /* PhotosViewModel.swift in Sources */ = {isa = PBXBuildFile; fileRef = 0D368B312B34610100A29209 /* PhotosViewModel.swift */; };
		0D368B342B34610F00A29209 /* PhotosModel.swift in Sources */ = {isa = PBXBuildFile; fileRef = 0D368B332B34610F00A29209 /* PhotosModel.swift */; };
		0D368B362B353C0A00A29209 /* PhotoGridView.swift in Sources */ = {isa = PBXBuildFile; fileRef = 0D368B352B353C0A00A29209 /* PhotoGridView.swift */; };
		0D368B382B356B5100A29209 /* PhotoShowView.swift in Sources */ = {isa = PBXBuildFile; fileRef = 0D368B372B356B5100A29209 /* PhotoShowView.swift */; };
		0D368B3C2B3AD70900A29209 /* ImageSourcePicker.swift in Sources */ = {isa = PBXBuildFile; fileRef = 0D368B3B2B3AD70900A29209 /* ImageSourcePicker.swift */; };
		0D368B3E2B3AD97400A29209 /* ImagePicker.swift in Sources */ = {isa = PBXBuildFile; fileRef = 0D368B3D2B3AD97400A29209 /* ImagePicker.swift */; };
		0D368B412B3D2EDA00A29209 /* LifeStoryView.swift in Sources */ = {isa = PBXBuildFile; fileRef = 0D368B402B3D2EDA00A29209 /* LifeStoryView.swift */; };
		0D368B432B3D2EEF00A29209 /* LifestoryViewModel.swift in Sources */ = {isa = PBXBuildFile; fileRef = 0D368B422B3D2EEF00A29209 /* LifestoryViewModel.swift */; };
		0D368B452B3D2EFE00A29209 /* LifeStoryModel.swift in Sources */ = {isa = PBXBuildFile; fileRef = 0D368B442B3D2EFE00A29209 /* LifeStoryModel.swift */; };
		0D368B472B3D530600A29209 /* CustomSaveButton.swift in Sources */ = {isa = PBXBuildFile; fileRef = 0D368B462B3D530600A29209 /* CustomSaveButton.swift */; };
		0D6B39122B2C2B4B00F612FF /* CategoryButtonView.swift in Sources */ = {isa = PBXBuildFile; fileRef = 0D6B39112B2C2B4B00F612FF /* CategoryButtonView.swift */; };
		0D6B39142B2C331700F612FF /* ResidentViewModel.swift in Sources */ = {isa = PBXBuildFile; fileRef = 0D6B39132B2C331700F612FF /* ResidentViewModel.swift */; };
		0D6B39162B2C332500F612FF /* ResidentModel.swift in Sources */ = {isa = PBXBuildFile; fileRef = 0D6B39152B2C332500F612FF /* ResidentModel.swift */; };
		0D6B391A2B31520500F612FF /* EventView.swift in Sources */ = {isa = PBXBuildFile; fileRef = 0D6B39192B31520500F612FF /* EventView.swift */; };
		0D6B391C2B31521400F612FF /* EventViewModel.swift in Sources */ = {isa = PBXBuildFile; fileRef = 0D6B391B2B31521400F612FF /* EventViewModel.swift */; };
		0D6B391E2B31522100F612FF /* EventModel.swift in Sources */ = {isa = PBXBuildFile; fileRef = 0D6B391D2B31522100F612FF /* EventModel.swift */; };
		0D6B39202B3155E700F612FF /* CategoryName.swift in Sources */ = {isa = PBXBuildFile; fileRef = 0D6B391F2B3155E700F612FF /* CategoryName.swift */; };
		0D6B39232B315A3000F612FF /* PhotosView.swift in Sources */ = {isa = PBXBuildFile; fileRef = 0D6B39222B315A3000F612FF /* PhotosView.swift */; };
		0D6B39252B31B69A00F612FF /* CustomBackButtonView.swift in Sources */ = {isa = PBXBuildFile; fileRef = 0D6B39242B31B69A00F612FF /* CustomBackButtonView.swift */; };
		0D6B39272B31BD6E00F612FF /* CornerRadiusStyleView.swift in Sources */ = {isa = PBXBuildFile; fileRef = 0D6B39262B31BD6E00F612FF /* CornerRadiusStyleView.swift */; };
		0D6B39292B31BE7800F612FF /* EventTableCellView.swift in Sources */ = {isa = PBXBuildFile; fileRef = 0D6B39282B31BE7800F612FF /* EventTableCellView.swift */; };
		0D9BA9E52B29DE34001D5AFA /* Aegis_living_SwiftUIApp.swift in Sources */ = {isa = PBXBuildFile; fileRef = 0D9BA9E42B29DE34001D5AFA /* Aegis_living_SwiftUIApp.swift */; };
		0D9BA9E72B29DE34001D5AFA /* LoginView.swift in Sources */ = {isa = PBXBuildFile; fileRef = 0D9BA9E62B29DE34001D5AFA /* LoginView.swift */; };
		0D9BA9E92B29DE35001D5AFA /* Assets.xcassets in Resources */ = {isa = PBXBuildFile; fileRef = 0D9BA9E82B29DE35001D5AFA /* Assets.xcassets */; };
		0D9BA9EC2B29DE35001D5AFA /* Preview Assets.xcassets in Resources */ = {isa = PBXBuildFile; fileRef = 0D9BA9EB2B29DE35001D5AFA /* Preview Assets.xcassets */; };
		0D9BA9F52B2ABEB4001D5AFA /* String+Ext.swift in Sources */ = {isa = PBXBuildFile; fileRef = 0D9BA9F32B2ABEB4001D5AFA /* String+Ext.swift */; };
		0D9BA9F62B2ABEB4001D5AFA /* Color+Ext.swift in Sources */ = {isa = PBXBuildFile; fileRef = 0D9BA9F42B2ABEB4001D5AFA /* Color+Ext.swift */; };
		0D9BA9F82B2AC29B001D5AFA /* Launch Screen.storyboard in Resources */ = {isa = PBXBuildFile; fileRef = 0D9BA9F72B2AC29B001D5AFA /* Launch Screen.storyboard */; };
		0D9BA9FC2B2AC369001D5AFA /* LoginViewModel.swift in Sources */ = {isa = PBXBuildFile; fileRef = 0D9BA9FB2B2AC369001D5AFA /* LoginViewModel.swift */; };
		0D9BA9FE2B2AC374001D5AFA /* LoginModel.swift in Sources */ = {isa = PBXBuildFile; fileRef = 0D9BA9FD2B2AC374001D5AFA /* LoginModel.swift */; };
		0D9BAA012B2AC4FA001D5AFA /* NetworkManager.swift in Sources */ = {isa = PBXBuildFile; fileRef = 0D9BAA002B2AC4FA001D5AFA /* NetworkManager.swift */; };
		0D9BAA032B2AC563001D5AFA /* Constants.swift in Sources */ = {isa = PBXBuildFile; fileRef = 0D9BAA022B2AC563001D5AFA /* Constants.swift */; };
		0D9BAA062B2ACAF1001D5AFA /* ResidentView.swift in Sources */ = {isa = PBXBuildFile; fileRef = 0D9BAA052B2ACAF1001D5AFA /* ResidentView.swift */; };
		0D9BAA092B2ACB73001D5AFA /* Alert.swift in Sources */ = {isa = PBXBuildFile; fileRef = 0D9BAA082B2ACB73001D5AFA /* Alert.swift */; };
		0D9BAA0B2B2AD34E001D5AFA /* UserDataManager.swift in Sources */ = {isa = PBXBuildFile; fileRef = 0D9BAA0A2B2AD34E001D5AFA /* UserDataManager.swift */; };
		0D9BAA0D2B2ADA3E001D5AFA /* FailModel.swift in Sources */ = {isa = PBXBuildFile; fileRef = 0D9BAA0C2B2ADA3E001D5AFA /* FailModel.swift */; };
		0D9BAA0F2B2ADB5C001D5AFA /* AegisError.swift in Sources */ = {isa = PBXBuildFile; fileRef = 0D9BAA0E2B2ADB5C001D5AFA /* AegisError.swift */; };
		0D9BAA122B2B0722001D5AFA /* CustomNavigationBar.swift in Sources */ = {isa = PBXBuildFile; fileRef = 0D9BAA112B2B0722001D5AFA /* CustomNavigationBar.swift */; };
		0D9BAA142B2B0B53001D5AFA /* ProfilePicView.swift in Sources */ = {isa = PBXBuildFile; fileRef = 0D9BAA132B2B0B53001D5AFA /* ProfilePicView.swift */; };
		0D9BAA162B2B0D06001D5AFA /* RemoteImage.swift in Sources */ = {isa = PBXBuildFile; fileRef = 0D9BAA152B2B0D06001D5AFA /* RemoteImage.swift */; };
		0DA2DB2E2B428A0F00B04841 /* Types.swift in Sources */ = {isa = PBXBuildFile; fileRef = 0DA2DB2D2B428A0F00B04841 /* Types.swift */; };
		0DA2DB312B43EE0200B04841 /* AttendenceView.swift in Sources */ = {isa = PBXBuildFile; fileRef = 0DA2DB302B43EE0200B04841 /* AttendenceView.swift */; };
		0DA2DB332B43EE1100B04841 /* AttendenceViewModel.swift in Sources */ = {isa = PBXBuildFile; fileRef = 0DA2DB322B43EE1100B04841 /* AttendenceViewModel.swift */; };
		0DA2DB352B43F14800B04841 /* AttendenceModel.swift in Sources */ = {isa = PBXBuildFile; fileRef = 0DA2DB342B43F14800B04841 /* AttendenceModel.swift */; };
		0DB64D9C2B46911A00B8E130 /* StackBarView.swift in Sources */ = {isa = PBXBuildFile; fileRef = 0DB64D9B2B46911A00B8E130 /* StackBarView.swift */; };
		0DB64D9E2B46961E00B8E130 /* PieChartView.swift in Sources */ = {isa = PBXBuildFile; fileRef = 0DB64D9D2B46961E00B8E130 /* PieChartView.swift */; };
		0DB64DA22B46D14400B8E130 /* BalloonMarker.swift in Sources */ = {isa = PBXBuildFile; fileRef = 0DB64DA12B46D14400B8E130 /* BalloonMarker.swift */; };
		0DB64DA52B47B8FC00B8E130 /* ProfileView.swift in Sources */ = {isa = PBXBuildFile; fileRef = 0DB64DA42B47B8FB00B8E130 /* ProfileView.swift */; };
		0DB64DA72B47BC7C00B8E130 /* ProfileViewModel.swift in Sources */ = {isa = PBXBuildFile; fileRef = 0DB64DA62B47BC7C00B8E130 /* ProfileViewModel.swift */; };
		0DB64DA92B47BC9400B8E130 /* ProfileModel.swift in Sources */ = {isa = PBXBuildFile; fileRef = 0DB64DA82B47BC9400B8E130 /* ProfileModel.swift */; };
		0DB64DAB2B4CFF0900B8E130 /* LegendGridView.swift in Sources */ = {isa = PBXBuildFile; fileRef = 0DB64DAA2B4CFF0900B8E130 /* LegendGridView.swift */; };
		DA2F66F98C8895D79E43B7D7 /* Pods_Aegis_living_SwiftUI.framework in Frameworks */ = {isa = PBXBuildFile; fileRef = 99813EF52E8DA2B2498BFBD5 /* Pods_Aegis_living_SwiftUI.framework */; };
/* End PBXBuildFile section */

/* Begin PBXFileReference section */
		0D368B152B330E5500A29209 /* NotificationView.swift */ = {isa = PBXFileReference; lastKnownFileType = sourcecode.swift; path = NotificationView.swift; sourceTree = "<group>"; };
		0D368B172B330E6C00A29209 /* NotificationViewModel.swift */ = {isa = PBXFileReference; lastKnownFileType = sourcecode.swift; path = NotificationViewModel.swift; sourceTree = "<group>"; };
		0D368B192B330E8C00A29209 /* NotificationModel.swift */ = {isa = PBXFileReference; lastKnownFileType = sourcecode.swift; path = NotificationModel.swift; sourceTree = "<group>"; };
		0D368B1D2B3311F100A29209 /* CustomTitleView.swift */ = {isa = PBXFileReference; lastKnownFileType = sourcecode.swift; path = CustomTitleView.swift; sourceTree = "<group>"; };
		0D368B1F2B3313A200A29209 /* NotificationTableCellView.swift */ = {isa = PBXFileReference; lastKnownFileType = sourcecode.swift; path = NotificationTableCellView.swift; sourceTree = "<group>"; };
		0D368B222B33F2AD00A29209 /* EngangementView.swift */ = {isa = PBXFileReference; lastKnownFileType = sourcecode.swift; path = EngangementView.swift; sourceTree = "<group>"; };
		0D368B242B33F35400A29209 /* EngagementGridView.swift */ = {isa = PBXFileReference; lastKnownFileType = sourcecode.swift; path = EngagementGridView.swift; sourceTree = "<group>"; };
		0D368B262B3400A000A29209 /* EngagementModel.swift */ = {isa = PBXFileReference; lastKnownFileType = sourcecode.swift; path = EngagementModel.swift; sourceTree = "<group>"; };
		0D368B282B3400DA00A29209 /* EngagementViewModel.swift */ = {isa = PBXFileReference; lastKnownFileType = sourcecode.swift; path = EngagementViewModel.swift; sourceTree = "<group>"; };
		0D368B2A2B3407D100A29209 /* VideoListView.swift */ = {isa = PBXFileReference; lastKnownFileType = sourcecode.swift; path = VideoListView.swift; sourceTree = "<group>"; };
		0D368B2C2B3408FC00A29209 /* VideoListTablecell.swift */ = {isa = PBXFileReference; lastKnownFileType = sourcecode.swift; path = VideoListTablecell.swift; sourceTree = "<group>"; };
		0D368B2E2B3414B700A29209 /* VideoPlayerView.swift */ = {isa = PBXFileReference; lastKnownFileType = sourcecode.swift; path = VideoPlayerView.swift; sourceTree = "<group>"; };
		0D368B312B34610100A29209 /* PhotosViewModel.swift */ = {isa = PBXFileReference; lastKnownFileType = sourcecode.swift; path = PhotosViewModel.swift; sourceTree = "<group>"; };
		0D368B332B34610F00A29209 /* PhotosModel.swift */ = {isa = PBXFileReference; lastKnownFileType = sourcecode.swift; path = PhotosModel.swift; sourceTree = "<group>"; };
		0D368B352B353C0A00A29209 /* PhotoGridView.swift */ = {isa = PBXFileReference; lastKnownFileType = sourcecode.swift; path = PhotoGridView.swift; sourceTree = "<group>"; };
		0D368B372B356B5100A29209 /* PhotoShowView.swift */ = {isa = PBXFileReference; lastKnownFileType = sourcecode.swift; path = PhotoShowView.swift; sourceTree = "<group>"; };
		0D368B3B2B3AD70900A29209 /* ImageSourcePicker.swift */ = {isa = PBXFileReference; lastKnownFileType = sourcecode.swift; path = ImageSourcePicker.swift; sourceTree = "<group>"; };
		0D368B3D2B3AD97400A29209 /* ImagePicker.swift */ = {isa = PBXFileReference; lastKnownFileType = sourcecode.swift; path = ImagePicker.swift; sourceTree = "<group>"; };
		0D368B402B3D2EDA00A29209 /* LifeStoryView.swift */ = {isa = PBXFileReference; lastKnownFileType = sourcecode.swift; path = LifeStoryView.swift; sourceTree = "<group>"; };
		0D368B422B3D2EEF00A29209 /* LifestoryViewModel.swift */ = {isa = PBXFileReference; lastKnownFileType = sourcecode.swift; path = LifestoryViewModel.swift; sourceTree = "<group>"; };
		0D368B442B3D2EFE00A29209 /* LifeStoryModel.swift */ = {isa = PBXFileReference; lastKnownFileType = sourcecode.swift; path = LifeStoryModel.swift; sourceTree = "<group>"; };
		0D368B462B3D530600A29209 /* CustomSaveButton.swift */ = {isa = PBXFileReference; lastKnownFileType = sourcecode.swift; path = CustomSaveButton.swift; sourceTree = "<group>"; };
		0D6B39112B2C2B4B00F612FF /* CategoryButtonView.swift */ = {isa = PBXFileReference; lastKnownFileType = sourcecode.swift; path = CategoryButtonView.swift; sourceTree = "<group>"; };
		0D6B39132B2C331700F612FF /* ResidentViewModel.swift */ = {isa = PBXFileReference; lastKnownFileType = sourcecode.swift; path = ResidentViewModel.swift; sourceTree = "<group>"; };
		0D6B39152B2C332500F612FF /* ResidentModel.swift */ = {isa = PBXFileReference; lastKnownFileType = sourcecode.swift; path = ResidentModel.swift; sourceTree = "<group>"; };
		0D6B39192B31520500F612FF /* EventView.swift */ = {isa = PBXFileReference; lastKnownFileType = sourcecode.swift; path = EventView.swift; sourceTree = "<group>"; };
		0D6B391B2B31521400F612FF /* EventViewModel.swift */ = {isa = PBXFileReference; lastKnownFileType = sourcecode.swift; path = EventViewModel.swift; sourceTree = "<group>"; };
		0D6B391D2B31522100F612FF /* EventModel.swift */ = {isa = PBXFileReference; lastKnownFileType = sourcecode.swift; path = EventModel.swift; sourceTree = "<group>"; };
		0D6B391F2B3155E700F612FF /* CategoryName.swift */ = {isa = PBXFileReference; lastKnownFileType = sourcecode.swift; path = CategoryName.swift; sourceTree = "<group>"; };
		0D6B39222B315A3000F612FF /* PhotosView.swift */ = {isa = PBXFileReference; lastKnownFileType = sourcecode.swift; path = PhotosView.swift; sourceTree = "<group>"; };
		0D6B39242B31B69A00F612FF /* CustomBackButtonView.swift */ = {isa = PBXFileReference; lastKnownFileType = sourcecode.swift; path = CustomBackButtonView.swift; sourceTree = "<group>"; };
		0D6B39262B31BD6E00F612FF /* CornerRadiusStyleView.swift */ = {isa = PBXFileReference; lastKnownFileType = sourcecode.swift; path = CornerRadiusStyleView.swift; sourceTree = "<group>"; };
		0D6B39282B31BE7800F612FF /* EventTableCellView.swift */ = {isa = PBXFileReference; lastKnownFileType = sourcecode.swift; path = EventTableCellView.swift; sourceTree = "<group>"; };
		0D9BA9E12B29DE34001D5AFA /* Aegis-living-SwiftUI.app */ = {isa = PBXFileReference; explicitFileType = wrapper.application; includeInIndex = 0; path = "Aegis-living-SwiftUI.app"; sourceTree = BUILT_PRODUCTS_DIR; };
		0D9BA9E42B29DE34001D5AFA /* Aegis_living_SwiftUIApp.swift */ = {isa = PBXFileReference; lastKnownFileType = sourcecode.swift; path = Aegis_living_SwiftUIApp.swift; sourceTree = "<group>"; };
		0D9BA9E62B29DE34001D5AFA /* LoginView.swift */ = {isa = PBXFileReference; lastKnownFileType = sourcecode.swift; path = LoginView.swift; sourceTree = "<group>"; };
		0D9BA9E82B29DE35001D5AFA /* Assets.xcassets */ = {isa = PBXFileReference; lastKnownFileType = folder.assetcatalog; path = Assets.xcassets; sourceTree = "<group>"; };
		0D9BA9EB2B29DE35001D5AFA /* Preview Assets.xcassets */ = {isa = PBXFileReference; lastKnownFileType = folder.assetcatalog; path = "Preview Assets.xcassets"; sourceTree = "<group>"; };
		0D9BA9F32B2ABEB4001D5AFA /* String+Ext.swift */ = {isa = PBXFileReference; fileEncoding = 4; lastKnownFileType = sourcecode.swift; path = "String+Ext.swift"; sourceTree = "<group>"; };
		0D9BA9F42B2ABEB4001D5AFA /* Color+Ext.swift */ = {isa = PBXFileReference; fileEncoding = 4; lastKnownFileType = sourcecode.swift; path = "Color+Ext.swift"; sourceTree = "<group>"; };
		0D9BA9F72B2AC29B001D5AFA /* Launch Screen.storyboard */ = {isa = PBXFileReference; lastKnownFileType = file.storyboard; path = "Launch Screen.storyboard"; sourceTree = "<group>"; };
		0D9BA9FB2B2AC369001D5AFA /* LoginViewModel.swift */ = {isa = PBXFileReference; lastKnownFileType = sourcecode.swift; path = LoginViewModel.swift; sourceTree = "<group>"; };
		0D9BA9FD2B2AC374001D5AFA /* LoginModel.swift */ = {isa = PBXFileReference; lastKnownFileType = sourcecode.swift; path = LoginModel.swift; sourceTree = "<group>"; };
		0D9BAA002B2AC4FA001D5AFA /* NetworkManager.swift */ = {isa = PBXFileReference; fileEncoding = 4; lastKnownFileType = sourcecode.swift; path = NetworkManager.swift; sourceTree = "<group>"; };
		0D9BAA022B2AC563001D5AFA /* Constants.swift */ = {isa = PBXFileReference; lastKnownFileType = sourcecode.swift; path = Constants.swift; sourceTree = "<group>"; };
		0D9BAA052B2ACAF1001D5AFA /* ResidentView.swift */ = {isa = PBXFileReference; lastKnownFileType = sourcecode.swift; path = ResidentView.swift; sourceTree = "<group>"; };
		0D9BAA082B2ACB73001D5AFA /* Alert.swift */ = {isa = PBXFileReference; lastKnownFileType = sourcecode.swift; path = Alert.swift; sourceTree = "<group>"; };
		0D9BAA0A2B2AD34E001D5AFA /* UserDataManager.swift */ = {isa = PBXFileReference; lastKnownFileType = sourcecode.swift; path = UserDataManager.swift; sourceTree = "<group>"; };
		0D9BAA0C2B2ADA3E001D5AFA /* FailModel.swift */ = {isa = PBXFileReference; lastKnownFileType = sourcecode.swift; path = FailModel.swift; sourceTree = "<group>"; };
		0D9BAA0E2B2ADB5C001D5AFA /* AegisError.swift */ = {isa = PBXFileReference; lastKnownFileType = sourcecode.swift; path = AegisError.swift; sourceTree = "<group>"; };
		0D9BAA112B2B0722001D5AFA /* CustomNavigationBar.swift */ = {isa = PBXFileReference; lastKnownFileType = sourcecode.swift; name = CustomNavigationBar.swift; path = ../../../../CustomNavigationBar.swift; sourceTree = "<group>"; };
		0D9BAA132B2B0B53001D5AFA /* ProfilePicView.swift */ = {isa = PBXFileReference; lastKnownFileType = sourcecode.swift; name = ProfilePicView.swift; path = ../../../../ProfilePicView.swift; sourceTree = "<group>"; };
		0D9BAA152B2B0D06001D5AFA /* RemoteImage.swift */ = {isa = PBXFileReference; lastKnownFileType = sourcecode.swift; name = RemoteImage.swift; path = ../../../../RemoteImage.swift; sourceTree = "<group>"; };
		0D9BAA172B2B1769001D5AFA /* Info.plist */ = {isa = PBXFileReference; lastKnownFileType = text.plist; path = Info.plist; sourceTree = "<group>"; };
		0DA2DB2D2B428A0F00B04841 /* Types.swift */ = {isa = PBXFileReference; lastKnownFileType = sourcecode.swift; path = Types.swift; sourceTree = "<group>"; };
		0DA2DB302B43EE0200B04841 /* AttendenceView.swift */ = {isa = PBXFileReference; lastKnownFileType = sourcecode.swift; path = AttendenceView.swift; sourceTree = "<group>"; };
		0DA2DB322B43EE1100B04841 /* AttendenceViewModel.swift */ = {isa = PBXFileReference; lastKnownFileType = sourcecode.swift; path = AttendenceViewModel.swift; sourceTree = "<group>"; };
		0DA2DB342B43F14800B04841 /* AttendenceModel.swift */ = {isa = PBXFileReference; lastKnownFileType = sourcecode.swift; path = AttendenceModel.swift; sourceTree = "<group>"; };
		0DB64D9B2B46911A00B8E130 /* StackBarView.swift */ = {isa = PBXFileReference; lastKnownFileType = sourcecode.swift; path = StackBarView.swift; sourceTree = "<group>"; };
		0DB64D9D2B46961E00B8E130 /* PieChartView.swift */ = {isa = PBXFileReference; lastKnownFileType = sourcecode.swift; path = PieChartView.swift; sourceTree = "<group>"; };
		0DB64DA12B46D14400B8E130 /* BalloonMarker.swift */ = {isa = PBXFileReference; fileEncoding = 4; lastKnownFileType = sourcecode.swift; path = BalloonMarker.swift; sourceTree = "<group>"; };
		0DB64DA42B47B8FB00B8E130 /* ProfileView.swift */ = {isa = PBXFileReference; lastKnownFileType = sourcecode.swift; path = ProfileView.swift; sourceTree = "<group>"; };
		0DB64DA62B47BC7C00B8E130 /* ProfileViewModel.swift */ = {isa = PBXFileReference; lastKnownFileType = sourcecode.swift; path = ProfileViewModel.swift; sourceTree = "<group>"; };
		0DB64DA82B47BC9400B8E130 /* ProfileModel.swift */ = {isa = PBXFileReference; lastKnownFileType = sourcecode.swift; path = ProfileModel.swift; sourceTree = "<group>"; };
		0DB64DAA2B4CFF0900B8E130 /* LegendGridView.swift */ = {isa = PBXFileReference; lastKnownFileType = sourcecode.swift; path = LegendGridView.swift; sourceTree = "<group>"; };
		48C940189C15E570A36878D7 /* Pods-Aegis-living-SwiftUI.release.xcconfig */ = {isa = PBXFileReference; includeInIndex = 1; lastKnownFileType = text.xcconfig; name = "Pods-Aegis-living-SwiftUI.release.xcconfig"; path = "Target Support Files/Pods-Aegis-living-SwiftUI/Pods-Aegis-living-SwiftUI.release.xcconfig"; sourceTree = "<group>"; };
		4EEC9A0873D46D8DE486F8B2 /* Pods-Aegis-living-SwiftUI.debug.xcconfig */ = {isa = PBXFileReference; includeInIndex = 1; lastKnownFileType = text.xcconfig; name = "Pods-Aegis-living-SwiftUI.debug.xcconfig"; path = "Target Support Files/Pods-Aegis-living-SwiftUI/Pods-Aegis-living-SwiftUI.debug.xcconfig"; sourceTree = "<group>"; };
		99813EF52E8DA2B2498BFBD5 /* Pods_Aegis_living_SwiftUI.framework */ = {isa = PBXFileReference; explicitFileType = wrapper.framework; includeInIndex = 0; path = Pods_Aegis_living_SwiftUI.framework; sourceTree = BUILT_PRODUCTS_DIR; };
/* End PBXFileReference section */

/* Begin PBXFrameworksBuildPhase section */
		0D9BA9DE2B29DE34001D5AFA /* Frameworks */ = {
			isa = PBXFrameworksBuildPhase;
			buildActionMask = 2147483647;
			files = (
				DA2F66F98C8895D79E43B7D7 /* Pods_Aegis_living_SwiftUI.framework in Frameworks */,
			);
			runOnlyForDeploymentPostprocessing = 0;
		};
/* End PBXFrameworksBuildPhase section */

/* Begin PBXGroup section */
		0D368B142B330D1600A29209 /* NotificationView */ = {
			isa = PBXGroup;
			children = (
				0D368B152B330E5500A29209 /* NotificationView.swift */,
				0D368B172B330E6C00A29209 /* NotificationViewModel.swift */,
				0D368B192B330E8C00A29209 /* NotificationModel.swift */,
			);
			path = NotificationView;
			sourceTree = "<group>";
		};
		0D368B212B33F29100A29209 /* EngagementView */ = {
			isa = PBXGroup;
			children = (
				0D368B222B33F2AD00A29209 /* EngangementView.swift */,
				0D368B262B3400A000A29209 /* EngagementModel.swift */,
				0D368B282B3400DA00A29209 /* EngagementViewModel.swift */,
				0D368B2A2B3407D100A29209 /* VideoListView.swift */,
				0D368B2E2B3414B700A29209 /* VideoPlayerView.swift */,
			);
			path = EngagementView;
			sourceTree = "<group>";
		};
		0D368B3F2B3D2EBB00A29209 /* LifeStoryView */ = {
			isa = PBXGroup;
			children = (
				0D368B402B3D2EDA00A29209 /* LifeStoryView.swift */,
				0D368B422B3D2EEF00A29209 /* LifestoryViewModel.swift */,
				0D368B442B3D2EFE00A29209 /* LifeStoryModel.swift */,
			);
			path = LifeStoryView;
			sourceTree = "<group>";
		};
		0D6B39182B31510400F612FF /* EventsView */ = {
			isa = PBXGroup;
			children = (
				0D6B39192B31520500F612FF /* EventView.swift */,
				0D6B391B2B31521400F612FF /* EventViewModel.swift */,
				0D6B391D2B31522100F612FF /* EventModel.swift */,
			);
			name = EventsView;
			path = EventView;
			sourceTree = "<group>";
		};
		0D6B39212B315A1B00F612FF /* PhotosView */ = {
			isa = PBXGroup;
			children = (
				0D6B39222B315A3000F612FF /* PhotosView.swift */,
				0D368B312B34610100A29209 /* PhotosViewModel.swift */,
				0D368B332B34610F00A29209 /* PhotosModel.swift */,
				0D368B372B356B5100A29209 /* PhotoShowView.swift */,
				0D368B3D2B3AD97400A29209 /* ImagePicker.swift */,
			);
			path = PhotosView;
			sourceTree = "<group>";
		};
		0D9BA9D82B29DE34001D5AFA = {
			isa = PBXGroup;
			children = (
				0D9BA9E32B29DE34001D5AFA /* Aegis-living-SwiftUI */,
				0D9BA9E22B29DE34001D5AFA /* Products */,
				18E794F5A22B4C8FF7141CD1 /* Pods */,
				42A92E41191540C0B2CB66CF /* Frameworks */,
			);
			sourceTree = "<group>";
		};
		0D9BA9E22B29DE34001D5AFA /* Products */ = {
			isa = PBXGroup;
			children = (
				0D9BA9E12B29DE34001D5AFA /* Aegis-living-SwiftUI.app */,
			);
			name = Products;
			sourceTree = "<group>";
		};
		0D9BA9E32B29DE34001D5AFA /* Aegis-living-SwiftUI */ = {
			isa = PBXGroup;
			children = (
				0D9BAA172B2B1769001D5AFA /* Info.plist */,
				0D9BAA102B2B070C001D5AFA /* Views */,
				0D9BAA072B2ACB56001D5AFA /* Utilities */,
				0D9BA9FF2B2AC4E1001D5AFA /* SupportFiles */,
				0D9BA9F92B2AC33E001D5AFA /* Screens */,
				0D9BA9F22B2ABEB4001D5AFA /* Extensions */,
				0D9BA9E42B29DE34001D5AFA /* Aegis_living_SwiftUIApp.swift */,
				0D9BA9E82B29DE35001D5AFA /* Assets.xcassets */,
				0D9BA9F72B2AC29B001D5AFA /* Launch Screen.storyboard */,
				0D9BA9EA2B29DE35001D5AFA /* Preview Content */,
			);
			path = "Aegis-living-SwiftUI";
			sourceTree = "<group>";
		};
		0D9BA9EA2B29DE35001D5AFA /* Preview Content */ = {
			isa = PBXGroup;
			children = (
				0D9BA9EB2B29DE35001D5AFA /* Preview Assets.xcassets */,
			);
			path = "Preview Content";
			sourceTree = "<group>";
		};
		0D9BA9F22B2ABEB4001D5AFA /* Extensions */ = {
			isa = PBXGroup;
			children = (
				0D9BA9F32B2ABEB4001D5AFA /* String+Ext.swift */,
				0D9BA9F42B2ABEB4001D5AFA /* Color+Ext.swift */,
			);
			path = Extensions;
			sourceTree = "<group>";
		};
		0D9BA9F92B2AC33E001D5AFA /* Screens */ = {
			isa = PBXGroup;
			children = (
				0DB64DA32B47B8E700B8E130 /* ProfileView */,
				0DA2DB2F2B43EDEA00B04841 /* Attendence */,
				0D368B3F2B3D2EBB00A29209 /* LifeStoryView */,
				0D368B212B33F29100A29209 /* EngagementView */,
				0D368B142B330D1600A29209 /* NotificationView */,
				0D6B39212B315A1B00F612FF /* PhotosView */,
				0D6B39182B31510400F612FF /* EventsView */,
				0D9BAA042B2ACAD0001D5AFA /* ResidentView */,
				0D9BA9FA2B2AC34B001D5AFA /* LoginView */,
			);
			path = Screens;
			sourceTree = "<group>";
		};
		0D9BA9FA2B2AC34B001D5AFA /* LoginView */ = {
			isa = PBXGroup;
			children = (
				0D9BA9E62B29DE34001D5AFA /* LoginView.swift */,
				0D9BA9FB2B2AC369001D5AFA /* LoginViewModel.swift */,
				0D9BA9FD2B2AC374001D5AFA /* LoginModel.swift */,
			);
			path = LoginView;
			sourceTree = "<group>";
		};
		0D9BA9FF2B2AC4E1001D5AFA /* SupportFiles */ = {
			isa = PBXGroup;
			children = (
				0D9BAA002B2AC4FA001D5AFA /* NetworkManager.swift */,
				0D9BAA022B2AC563001D5AFA /* Constants.swift */,
				0D9BAA0A2B2AD34E001D5AFA /* UserDataManager.swift */,
				0D9BAA152B2B0D06001D5AFA /* RemoteImage.swift */,
			);
			path = SupportFiles;
			sourceTree = "<group>";
		};
		0D9BAA042B2ACAD0001D5AFA /* ResidentView */ = {
			isa = PBXGroup;
			children = (
				0D9BAA052B2ACAF1001D5AFA /* ResidentView.swift */,
				0D6B39132B2C331700F612FF /* ResidentViewModel.swift */,
				0D6B39152B2C332500F612FF /* ResidentModel.swift */,
			);
			path = ResidentView;
			sourceTree = "<group>";
		};
		0D9BAA072B2ACB56001D5AFA /* Utilities */ = {
			isa = PBXGroup;
			children = (
				0D9BAA082B2ACB73001D5AFA /* Alert.swift */,
				0D9BAA0E2B2ADB5C001D5AFA /* AegisError.swift */,
				0DA2DB2D2B428A0F00B04841 /* Types.swift */,
				0D6B391F2B3155E700F612FF /* CategoryName.swift */,
				0D9BAA0C2B2ADA3E001D5AFA /* FailModel.swift */,
				0D368B3B2B3AD70900A29209 /* ImageSourcePicker.swift */,
			);
			path = Utilities;
			sourceTree = "<group>";
		};
		0D9BAA102B2B070C001D5AFA /* Views */ = {
			isa = PBXGroup;
			children = (
				0DB64DA12B46D14400B8E130 /* BalloonMarker.swift */,
				0D9BAA112B2B0722001D5AFA /* CustomNavigationBar.swift */,
				0D9BAA132B2B0B53001D5AFA /* ProfilePicView.swift */,
				0D6B39112B2C2B4B00F612FF /* CategoryButtonView.swift */,
				0D6B39242B31B69A00F612FF /* CustomBackButtonView.swift */,
				0D6B39262B31BD6E00F612FF /* CornerRadiusStyleView.swift */,
				0D6B39282B31BE7800F612FF /* EventTableCellView.swift */,
				0D368B1D2B3311F100A29209 /* CustomTitleView.swift */,
				0D368B1F2B3313A200A29209 /* NotificationTableCellView.swift */,
				0D368B242B33F35400A29209 /* EngagementGridView.swift */,
				0D368B2C2B3408FC00A29209 /* VideoListTablecell.swift */,
				0D368B352B353C0A00A29209 /* PhotoGridView.swift */,
				0D368B462B3D530600A29209 /* CustomSaveButton.swift */,
				0DB64D9B2B46911A00B8E130 /* StackBarView.swift */,
				0DB64D9D2B46961E00B8E130 /* PieChartView.swift */,
				0DB64DAA2B4CFF0900B8E130 /* LegendGridView.swift */,
			);
			path = Views;
			sourceTree = "<group>";
		};
		0DA2DB2F2B43EDEA00B04841 /* Attendence */ = {
			isa = PBXGroup;
			children = (
				0DA2DB302B43EE0200B04841 /* AttendenceView.swift */,
				0DA2DB322B43EE1100B04841 /* AttendenceViewModel.swift */,
				0DA2DB342B43F14800B04841 /* AttendenceModel.swift */,
			);
			path = Attendence;
			sourceTree = "<group>";
		};
		0DB64DA32B47B8E700B8E130 /* ProfileView */ = {
			isa = PBXGroup;
			children = (
				0DB64DA42B47B8FB00B8E130 /* ProfileView.swift */,
				0DB64DA62B47BC7C00B8E130 /* ProfileViewModel.swift */,
				0DB64DA82B47BC9400B8E130 /* ProfileModel.swift */,
			);
			path = ProfileView;
			sourceTree = "<group>";
		};
		18E794F5A22B4C8FF7141CD1 /* Pods */ = {
			isa = PBXGroup;
			children = (
				4EEC9A0873D46D8DE486F8B2 /* Pods-Aegis-living-SwiftUI.debug.xcconfig */,
				48C940189C15E570A36878D7 /* Pods-Aegis-living-SwiftUI.release.xcconfig */,
			);
			path = Pods;
			sourceTree = "<group>";
		};
		42A92E41191540C0B2CB66CF /* Frameworks */ = {
			isa = PBXGroup;
			children = (
				99813EF52E8DA2B2498BFBD5 /* Pods_Aegis_living_SwiftUI.framework */,
			);
			name = Frameworks;
			sourceTree = "<group>";
		};
/* End PBXGroup section */

/* Begin PBXNativeTarget section */
		0D9BA9E02B29DE34001D5AFA /* Aegis-living-SwiftUI */ = {
			isa = PBXNativeTarget;
			buildConfigurationList = 0D9BA9EF2B29DE35001D5AFA /* Build configuration list for PBXNativeTarget "Aegis-living-SwiftUI" */;
			buildPhases = (
				CA4454CC28232A4EB86DCE9F /* [CP] Check Pods Manifest.lock */,
				0D9BA9DD2B29DE34001D5AFA /* Sources */,
				0D9BA9DE2B29DE34001D5AFA /* Frameworks */,
				0D9BA9DF2B29DE34001D5AFA /* Resources */,
				810B652B7C095E4F2186C163 /* [CP] Embed Pods Frameworks */,
			);
			buildRules = (
			);
			dependencies = (
			);
			name = "Aegis-living-SwiftUI";
			productName = "Aegis-living-SwiftUI";
			productReference = 0D9BA9E12B29DE34001D5AFA /* Aegis-living-SwiftUI.app */;
			productType = "com.apple.product-type.application";
		};
/* End PBXNativeTarget section */

/* Begin PBXProject section */
		0D9BA9D92B29DE34001D5AFA /* Project object */ = {
			isa = PBXProject;
			attributes = {
				BuildIndependentTargetsInParallel = 1;
				LastSwiftUpdateCheck = 1430;
				LastUpgradeCheck = 1430;
				TargetAttributes = {
					0D9BA9E02B29DE34001D5AFA = {
						CreatedOnToolsVersion = 14.3.1;
					};
				};
			};
			buildConfigurationList = 0D9BA9DC2B29DE34001D5AFA /* Build configuration list for PBXProject "Aegis-living-SwiftUI" */;
			compatibilityVersion = "Xcode 13.0";
			developmentRegion = en;
			hasScannedForEncodings = 0;
			knownRegions = (
				en,
				Base,
			);
			mainGroup = 0D9BA9D82B29DE34001D5AFA;
			productRefGroup = 0D9BA9E22B29DE34001D5AFA /* Products */;
			projectDirPath = "";
			projectRoot = "";
			targets = (
				0D9BA9E02B29DE34001D5AFA /* Aegis-living-SwiftUI */,
			);
		};
/* End PBXProject section */

/* Begin PBXResourcesBuildPhase section */
		0D9BA9DF2B29DE34001D5AFA /* Resources */ = {
			isa = PBXResourcesBuildPhase;
			buildActionMask = 2147483647;
			files = (
				0D9BA9F82B2AC29B001D5AFA /* Launch Screen.storyboard in Resources */,
				0D9BA9EC2B29DE35001D5AFA /* Preview Assets.xcassets in Resources */,
				0D9BA9E92B29DE35001D5AFA /* Assets.xcassets in Resources */,
			);
			runOnlyForDeploymentPostprocessing = 0;
		};
/* End PBXResourcesBuildPhase section */

/* Begin PBXShellScriptBuildPhase section */
		810B652B7C095E4F2186C163 /* [CP] Embed Pods Frameworks */ = {
			isa = PBXShellScriptBuildPhase;
			buildActionMask = 2147483647;
			files = (
			);
			inputFileListPaths = (
				"${PODS_ROOT}/Target Support Files/Pods-Aegis-living-SwiftUI/Pods-Aegis-living-SwiftUI-frameworks-${CONFIGURATION}-input-files.xcfilelist",
			);
			name = "[CP] Embed Pods Frameworks";
			outputFileListPaths = (
				"${PODS_ROOT}/Target Support Files/Pods-Aegis-living-SwiftUI/Pods-Aegis-living-SwiftUI-frameworks-${CONFIGURATION}-output-files.xcfilelist",
			);
			runOnlyForDeploymentPostprocessing = 0;
			shellPath = /bin/sh;
			shellScript = "\"${PODS_ROOT}/Target Support Files/Pods-Aegis-living-SwiftUI/Pods-Aegis-living-SwiftUI-frameworks.sh\"\n";
			showEnvVarsInLog = 0;
		};
		CA4454CC28232A4EB86DCE9F /* [CP] Check Pods Manifest.lock */ = {
			isa = PBXShellScriptBuildPhase;
			buildActionMask = 2147483647;
			files = (
			);
			inputFileListPaths = (
			);
			inputPaths = (
				"${PODS_PODFILE_DIR_PATH}/Podfile.lock",
				"${PODS_ROOT}/Manifest.lock",
			);
			name = "[CP] Check Pods Manifest.lock";
			outputFileListPaths = (
			);
			outputPaths = (
				"$(DERIVED_FILE_DIR)/Pods-Aegis-living-SwiftUI-checkManifestLockResult.txt",
			);
			runOnlyForDeploymentPostprocessing = 0;
			shellPath = /bin/sh;
			shellScript = "diff \"${PODS_PODFILE_DIR_PATH}/Podfile.lock\" \"${PODS_ROOT}/Manifest.lock\" > /dev/null\nif [ $? != 0 ] ; then\n    # print error to STDERR\n    echo \"error: The sandbox is not in sync with the Podfile.lock. Run 'pod install' or update your CocoaPods installation.\" >&2\n    exit 1\nfi\n# This output is used by Xcode 'outputs' to avoid re-running this script phase.\necho \"SUCCESS\" > \"${SCRIPT_OUTPUT_FILE_0}\"\n";
			showEnvVarsInLog = 0;
		};
/* End PBXShellScriptBuildPhase section */

/* Begin PBXSourcesBuildPhase section */
		0D9BA9DD2B29DE34001D5AFA /* Sources */ = {
			isa = PBXSourcesBuildPhase;
			buildActionMask = 2147483647;
			files = (
				0D368B232B33F2AD00A29209 /* EngangementView.swift in Sources */,
				0DA2DB312B43EE0200B04841 /* AttendenceView.swift in Sources */,
				0DB64DA72B47BC7C00B8E130 /* ProfileViewModel.swift in Sources */,
				0D368B382B356B5100A29209 /* PhotoShowView.swift in Sources */,
				0D368B472B3D530600A29209 /* CustomSaveButton.swift in Sources */,
				0D6B39142B2C331700F612FF /* ResidentViewModel.swift in Sources */,
				0D9BA9F52B2ABEB4001D5AFA /* String+Ext.swift in Sources */,
				0D9BAA062B2ACAF1001D5AFA /* ResidentView.swift in Sources */,
				0D368B342B34610F00A29209 /* PhotosModel.swift in Sources */,
				0D9BAA0F2B2ADB5C001D5AFA /* AegisError.swift in Sources */,
				0D368B202B3313A200A29209 /* NotificationTableCellView.swift in Sources */,
				0D6B39162B2C332500F612FF /* ResidentModel.swift in Sources */,
				0D368B272B3400A000A29209 /* EngagementModel.swift in Sources */,
				0D9BA9FE2B2AC374001D5AFA /* LoginModel.swift in Sources */,
				0D9BA9F62B2ABEB4001D5AFA /* Color+Ext.swift in Sources */,
				0D368B3E2B3AD97400A29209 /* ImagePicker.swift in Sources */,
				0D368B2B2B3407D100A29209 /* VideoListView.swift in Sources */,
				0DB64DA52B47B8FC00B8E130 /* ProfileView.swift in Sources */,
				0D368B2F2B3414B700A29209 /* VideoPlayerView.swift in Sources */,
				0D9BAA012B2AC4FA001D5AFA /* NetworkManager.swift in Sources */,
				0D6B39122B2C2B4B00F612FF /* CategoryButtonView.swift in Sources */,
				0D6B39252B31B69A00F612FF /* CustomBackButtonView.swift in Sources */,
				0D9BAA122B2B0722001D5AFA /* CustomNavigationBar.swift in Sources */,
				0D368B252B33F35400A29209 /* EngagementGridView.swift in Sources */,
				0D368B322B34610100A29209 /* PhotosViewModel.swift in Sources */,
				0D9BAA0B2B2AD34E001D5AFA /* UserDataManager.swift in Sources */,
				0D6B39232B315A3000F612FF /* PhotosView.swift in Sources */,
				0D9BAA142B2B0B53001D5AFA /* ProfilePicView.swift in Sources */,
				0DB64D9E2B46961E00B8E130 /* PieChartView.swift in Sources */,
				0D9BA9E72B29DE34001D5AFA /* LoginView.swift in Sources */,
				0D368B292B3400DA00A29209 /* EngagementViewModel.swift in Sources */,
				0D6B39272B31BD6E00F612FF /* CornerRadiusStyleView.swift in Sources */,
				0D368B362B353C0A00A29209 /* PhotoGridView.swift in Sources */,
				0D368B2D2B3408FC00A29209 /* VideoListTablecell.swift in Sources */,
				0DB64DA92B47BC9400B8E130 /* ProfileModel.swift in Sources */,
				0D9BAA0D2B2ADA3E001D5AFA /* FailModel.swift in Sources */,
				0D368B412B3D2EDA00A29209 /* LifeStoryView.swift in Sources */,
				0DB64D9C2B46911A00B8E130 /* StackBarView.swift in Sources */,
				0D6B39292B31BE7800F612FF /* EventTableCellView.swift in Sources */,
				0DA2DB2E2B428A0F00B04841 /* Types.swift in Sources */,
				0DA2DB352B43F14800B04841 /* AttendenceModel.swift in Sources */,
				0D368B1A2B330E8C00A29209 /* NotificationModel.swift in Sources */,
				0D368B452B3D2EFE00A29209 /* LifeStoryModel.swift in Sources */,
				0DB64DAB2B4CFF0900B8E130 /* LegendGridView.swift in Sources */,
				0D368B3C2B3AD70900A29209 /* ImageSourcePicker.swift in Sources */,
				0D9BAA162B2B0D06001D5AFA /* RemoteImage.swift in Sources */,
				0D9BA9FC2B2AC369001D5AFA /* LoginViewModel.swift in Sources */,
				0D9BA9E52B29DE34001D5AFA /* Aegis_living_SwiftUIApp.swift in Sources */,
				0D9BAA092B2ACB73001D5AFA /* Alert.swift in Sources */,
				0D6B391E2B31522100F612FF /* EventModel.swift in Sources */,
				0D368B432B3D2EEF00A29209 /* LifestoryViewModel.swift in Sources */,
				0D368B162B330E5500A29209 /* NotificationView.swift in Sources */,
				0D9BAA032B2AC563001D5AFA /* Constants.swift in Sources */,
				0D368B1E2B3311F100A29209 /* CustomTitleView.swift in Sources */,
				0DA2DB332B43EE1100B04841 /* AttendenceViewModel.swift in Sources */,
				0D6B391C2B31521400F612FF /* EventViewModel.swift in Sources */,
				0D6B391A2B31520500F612FF /* EventView.swift in Sources */,
				0D6B39202B3155E700F612FF /* CategoryName.swift in Sources */,
				0D368B182B330E6C00A29209 /* NotificationViewModel.swift in Sources */,
				0DB64DA22B46D14400B8E130 /* BalloonMarker.swift in Sources */,
			);
			runOnlyForDeploymentPostprocessing = 0;
		};
/* End PBXSourcesBuildPhase section */

/* Begin XCBuildConfiguration section */
		0D9BA9ED2B29DE35001D5AFA /* Debug */ = {
			isa = XCBuildConfiguration;
			buildSettings = {
				ALWAYS_SEARCH_USER_PATHS = NO;
				CLANG_ANALYZER_NONNULL = YES;
				CLANG_ANALYZER_NUMBER_OBJECT_CONVERSION = YES_AGGRESSIVE;
				CLANG_CXX_LANGUAGE_STANDARD = "gnu++20";
				CLANG_ENABLE_MODULES = YES;
				CLANG_ENABLE_OBJC_ARC = YES;
				CLANG_ENABLE_OBJC_WEAK = YES;
				CLANG_WARN_BLOCK_CAPTURE_AUTORELEASING = YES;
				CLANG_WARN_BOOL_CONVERSION = YES;
				CLANG_WARN_COMMA = YES;
				CLANG_WARN_CONSTANT_CONVERSION = YES;
				CLANG_WARN_DEPRECATED_OBJC_IMPLEMENTATIONS = YES;
				CLANG_WARN_DIRECT_OBJC_ISA_USAGE = YES_ERROR;
				CLANG_WARN_DOCUMENTATION_COMMENTS = YES;
				CLANG_WARN_EMPTY_BODY = YES;
				CLANG_WARN_ENUM_CONVERSION = YES;
				CLANG_WARN_INFINITE_RECURSION = YES;
				CLANG_WARN_INT_CONVERSION = YES;
				CLANG_WARN_NON_LITERAL_NULL_CONVERSION = YES;
				CLANG_WARN_OBJC_IMPLICIT_RETAIN_SELF = YES;
				CLANG_WARN_OBJC_LITERAL_CONVERSION = YES;
				CLANG_WARN_OBJC_ROOT_CLASS = YES_ERROR;
				CLANG_WARN_QUOTED_INCLUDE_IN_FRAMEWORK_HEADER = YES;
				CLANG_WARN_RANGE_LOOP_ANALYSIS = YES;
				CLANG_WARN_STRICT_PROTOTYPES = YES;
				CLANG_WARN_SUSPICIOUS_MOVE = YES;
				CLANG_WARN_UNGUARDED_AVAILABILITY = YES_AGGRESSIVE;
				CLANG_WARN_UNREACHABLE_CODE = YES;
				CLANG_WARN__DUPLICATE_METHOD_MATCH = YES;
				COPY_PHASE_STRIP = NO;
				DEBUG_INFORMATION_FORMAT = dwarf;
				ENABLE_STRICT_OBJC_MSGSEND = YES;
				ENABLE_TESTABILITY = YES;
				GCC_C_LANGUAGE_STANDARD = gnu11;
				GCC_DYNAMIC_NO_PIC = NO;
				GCC_NO_COMMON_BLOCKS = YES;
				GCC_OPTIMIZATION_LEVEL = 0;
				GCC_PREPROCESSOR_DEFINITIONS = (
					"DEBUG=1",
					"$(inherited)",
				);
				GCC_WARN_64_TO_32_BIT_CONVERSION = YES;
				GCC_WARN_ABOUT_RETURN_TYPE = YES_ERROR;
				GCC_WARN_UNDECLARED_SELECTOR = YES;
				GCC_WARN_UNINITIALIZED_AUTOS = YES_AGGRESSIVE;
				GCC_WARN_UNUSED_FUNCTION = YES;
				GCC_WARN_UNUSED_VARIABLE = YES;
				IPHONEOS_DEPLOYMENT_TARGET = 16.4;
				MTL_ENABLE_DEBUG_INFO = INCLUDE_SOURCE;
				MTL_FAST_MATH = YES;
				ONLY_ACTIVE_ARCH = YES;
				SDKROOT = iphoneos;
				SWIFT_ACTIVE_COMPILATION_CONDITIONS = DEBUG;
				SWIFT_OPTIMIZATION_LEVEL = "-Onone";
			};
			name = Debug;
		};
		0D9BA9EE2B29DE35001D5AFA /* Release */ = {
			isa = XCBuildConfiguration;
			buildSettings = {
				ALWAYS_SEARCH_USER_PATHS = NO;
				CLANG_ANALYZER_NONNULL = YES;
				CLANG_ANALYZER_NUMBER_OBJECT_CONVERSION = YES_AGGRESSIVE;
				CLANG_CXX_LANGUAGE_STANDARD = "gnu++20";
				CLANG_ENABLE_MODULES = YES;
				CLANG_ENABLE_OBJC_ARC = YES;
				CLANG_ENABLE_OBJC_WEAK = YES;
				CLANG_WARN_BLOCK_CAPTURE_AUTORELEASING = YES;
				CLANG_WARN_BOOL_CONVERSION = YES;
				CLANG_WARN_COMMA = YES;
				CLANG_WARN_CONSTANT_CONVERSION = YES;
				CLANG_WARN_DEPRECATED_OBJC_IMPLEMENTATIONS = YES;
				CLANG_WARN_DIRECT_OBJC_ISA_USAGE = YES_ERROR;
				CLANG_WARN_DOCUMENTATION_COMMENTS = YES;
				CLANG_WARN_EMPTY_BODY = YES;
				CLANG_WARN_ENUM_CONVERSION = YES;
				CLANG_WARN_INFINITE_RECURSION = YES;
				CLANG_WARN_INT_CONVERSION = YES;
				CLANG_WARN_NON_LITERAL_NULL_CONVERSION = YES;
				CLANG_WARN_OBJC_IMPLICIT_RETAIN_SELF = YES;
				CLANG_WARN_OBJC_LITERAL_CONVERSION = YES;
				CLANG_WARN_OBJC_ROOT_CLASS = YES_ERROR;
				CLANG_WARN_QUOTED_INCLUDE_IN_FRAMEWORK_HEADER = YES;
				CLANG_WARN_RANGE_LOOP_ANALYSIS = YES;
				CLANG_WARN_STRICT_PROTOTYPES = YES;
				CLANG_WARN_SUSPICIOUS_MOVE = YES;
				CLANG_WARN_UNGUARDED_AVAILABILITY = YES_AGGRESSIVE;
				CLANG_WARN_UNREACHABLE_CODE = YES;
				CLANG_WARN__DUPLICATE_METHOD_MATCH = YES;
				COPY_PHASE_STRIP = NO;
				DEBUG_INFORMATION_FORMAT = "dwarf-with-dsym";
				ENABLE_NS_ASSERTIONS = NO;
				ENABLE_STRICT_OBJC_MSGSEND = YES;
				GCC_C_LANGUAGE_STANDARD = gnu11;
				GCC_NO_COMMON_BLOCKS = YES;
				GCC_WARN_64_TO_32_BIT_CONVERSION = YES;
				GCC_WARN_ABOUT_RETURN_TYPE = YES_ERROR;
				GCC_WARN_UNDECLARED_SELECTOR = YES;
				GCC_WARN_UNINITIALIZED_AUTOS = YES_AGGRESSIVE;
				GCC_WARN_UNUSED_FUNCTION = YES;
				GCC_WARN_UNUSED_VARIABLE = YES;
				IPHONEOS_DEPLOYMENT_TARGET = 16.4;
				MTL_ENABLE_DEBUG_INFO = NO;
				MTL_FAST_MATH = YES;
				SDKROOT = iphoneos;
				SWIFT_COMPILATION_MODE = wholemodule;
				SWIFT_OPTIMIZATION_LEVEL = "-O";
				VALIDATE_PRODUCT = YES;
			};
			name = Release;
		};
		0D9BA9F02B29DE35001D5AFA /* Debug */ = {
			isa = XCBuildConfiguration;
			baseConfigurationReference = 4EEC9A0873D46D8DE486F8B2 /* Pods-Aegis-living-SwiftUI.debug.xcconfig */;
			buildSettings = {
				ASSETCATALOG_COMPILER_APPICON_NAME = AppIcon;
				ASSETCATALOG_COMPILER_GLOBAL_ACCENT_COLOR_NAME = AccentColor;
				CODE_SIGN_STYLE = Automatic;
				CURRENT_PROJECT_VERSION = 1;
				DEVELOPMENT_ASSET_PATHS = "\"Aegis-living-SwiftUI/Preview Content\"";
				DEVELOPMENT_TEAM = 75CBBD7F7Z;
				ENABLE_PREVIEWS = YES;
				GENERATE_INFOPLIST_FILE = YES;
				INFOPLIST_FILE = "Aegis-living-SwiftUI/Info.plist";
				INFOPLIST_KEY_NSCameraUsageDescription = "This app will use the camera for capturing images for resident gallery";
				INFOPLIST_KEY_NSPhotoLibraryAddUsageDescription = "Please allow access to save photo in your library";
				INFOPLIST_KEY_NSPhotoLibraryUsageDescription = "You can select photos to attach to reports";
				INFOPLIST_KEY_NSRemindersUsageDescription = "Upload photos for gallery";
				INFOPLIST_KEY_UIApplicationSceneManifest_Generation = YES;
				INFOPLIST_KEY_UIApplicationSupportsIndirectInputEvents = YES;
				INFOPLIST_KEY_UILaunchScreen_Generation = YES;
				INFOPLIST_KEY_UISupportedInterfaceOrientations_iPad = "UIInterfaceOrientationPortrait UIInterfaceOrientationPortraitUpsideDown UIInterfaceOrientationLandscapeLeft UIInterfaceOrientationLandscapeRight";
				INFOPLIST_KEY_UISupportedInterfaceOrientations_iPhone = "UIInterfaceOrientationPortrait UIInterfaceOrientationLandscapeLeft UIInterfaceOrientationLandscapeRight";
				IPHONEOS_DEPLOYMENT_TARGET = 14.0;
				LD_RUNPATH_SEARCH_PATHS = (
					"$(inherited)",
					"@executable_path/Frameworks",
				);
				MARKETING_VERSION = 1.0;
				PRODUCT_BUNDLE_IDENTIFIER = "com.febin.Aegis-living-SwiftUI";
				PRODUCT_NAME = "$(TARGET_NAME)";
				SWIFT_EMIT_LOC_STRINGS = YES;
				SWIFT_VERSION = 5.0;
				TARGETED_DEVICE_FAMILY = "1,2";
			};
			name = Debug;
		};
		0D9BA9F12B29DE35001D5AFA /* Release */ = {
			isa = XCBuildConfiguration;
			baseConfigurationReference = 48C940189C15E570A36878D7 /* Pods-Aegis-living-SwiftUI.release.xcconfig */;
			buildSettings = {
				ASSETCATALOG_COMPILER_APPICON_NAME = AppIcon;
				ASSETCATALOG_COMPILER_GLOBAL_ACCENT_COLOR_NAME = AccentColor;
				CODE_SIGN_STYLE = Automatic;
				CURRENT_PROJECT_VERSION = 1;
				DEVELOPMENT_ASSET_PATHS = "\"Aegis-living-SwiftUI/Preview Content\"";
				DEVELOPMENT_TEAM = 75CBBD7F7Z;
				ENABLE_PREVIEWS = YES;
				GENERATE_INFOPLIST_FILE = YES;
				INFOPLIST_FILE = "Aegis-living-SwiftUI/Info.plist";
				INFOPLIST_KEY_NSCameraUsageDescription = "This app will use the camera for capturing images for resident gallery";
				INFOPLIST_KEY_NSPhotoLibraryAddUsageDescription = "Please allow access to save photo in your library";
				INFOPLIST_KEY_NSPhotoLibraryUsageDescription = "You can select photos to attach to reports";
				INFOPLIST_KEY_NSRemindersUsageDescription = "Upload photos for gallery";
				INFOPLIST_KEY_UIApplicationSceneManifest_Generation = YES;
				INFOPLIST_KEY_UIApplicationSupportsIndirectInputEvents = YES;
				INFOPLIST_KEY_UILaunchScreen_Generation = YES;
				INFOPLIST_KEY_UISupportedInterfaceOrientations_iPad = "UIInterfaceOrientationPortrait UIInterfaceOrientationPortraitUpsideDown UIInterfaceOrientationLandscapeLeft UIInterfaceOrientationLandscapeRight";
				INFOPLIST_KEY_UISupportedInterfaceOrientations_iPhone = "UIInterfaceOrientationPortrait UIInterfaceOrientationLandscapeLeft UIInterfaceOrientationLandscapeRight";
				IPHONEOS_DEPLOYMENT_TARGET = 14.0;
				LD_RUNPATH_SEARCH_PATHS = (
					"$(inherited)",
					"@executable_path/Frameworks",
				);
				MARKETING_VERSION = 1.0;
				PRODUCT_BUNDLE_IDENTIFIER = "com.febin.Aegis-living-SwiftUI";
				PRODUCT_NAME = "$(TARGET_NAME)";
				SWIFT_EMIT_LOC_STRINGS = YES;
				SWIFT_VERSION = 5.0;
				TARGETED_DEVICE_FAMILY = "1,2";
			};
			name = Release;
		};
/* End XCBuildConfiguration section */

/* Begin XCConfigurationList section */
		0D9BA9DC2B29DE34001D5AFA /* Build configuration list for PBXProject "Aegis-living-SwiftUI" */ = {
			isa = XCConfigurationList;
			buildConfigurations = (
				0D9BA9ED2B29DE35001D5AFA /* Debug */,
				0D9BA9EE2B29DE35001D5AFA /* Release */,
			);
			defaultConfigurationIsVisible = 0;
			defaultConfigurationName = Release;
		};
		0D9BA9EF2B29DE35001D5AFA /* Build configuration list for PBXNativeTarget "Aegis-living-SwiftUI" */ = {
			isa = XCConfigurationList;
			buildConfigurations = (
				0D9BA9F02B29DE35001D5AFA /* Debug */,
				0D9BA9F12B29DE35001D5AFA /* Release */,
			);
			defaultConfigurationIsVisible = 0;
			defaultConfigurationName = Release;
		};
/* End XCConfigurationList section */
	};
	rootObject = 0D9BA9D92B29DE34001D5AFA /* Project object */;
}
